// !$*UTF8*$!
{
	archiveVersion = 1;
	classes = {
	};
	objectVersion = 46;
	objects = {

/* Begin PBXBuildFile section */
		2034CCA91E46870900624588 /* AppDelegate.swift in Sources */ = {isa = PBXBuildFile; fileRef = 2034CCA81E46870900624588 /* AppDelegate.swift */; };
		2034CCAB1E46870900624588 /* ViewController.swift in Sources */ = {isa = PBXBuildFile; fileRef = 2034CCAA1E46870900624588 /* ViewController.swift */; };
		2034CCAE1E46870900624588 /* Main.storyboard in Resources */ = {isa = PBXBuildFile; fileRef = 2034CCAC1E46870900624588 /* Main.storyboard */; };
		2034CCB01E46870900624588 /* Assets.xcassets in Resources */ = {isa = PBXBuildFile; fileRef = 2034CCAF1E46870900624588 /* Assets.xcassets */; };
		2034CCB31E46870900624588 /* LaunchScreen.storyboard in Resources */ = {isa = PBXBuildFile; fileRef = 2034CCB11E46870900624588 /* LaunchScreen.storyboard */; };
		2034CCBE1E46870900624588 /* RetroCalculatorTests.swift in Sources */ = {isa = PBXBuildFile; fileRef = 2034CCBD1E46870900624588 /* RetroCalculatorTests.swift */; };
		2034CCC91E46870900624588 /* RetroCalculatorUITests.swift in Sources */ = {isa = PBXBuildFile; fileRef = 2034CCC81E46870900624588 /* RetroCalculatorUITests.swift */; };
		2034CCE91E4687A400624588 /* 0.png in Resources */ = {isa = PBXBuildFile; fileRef = 2034CCD61E4687A400624588 /* 0.png */; };
		2034CCEA1E4687A400624588 /* 1.png in Resources */ = {isa = PBXBuildFile; fileRef = 2034CCD71E4687A400624588 /* 1.png */; };
		2034CCEB1E4687A400624588 /* 2.png in Resources */ = {isa = PBXBuildFile; fileRef = 2034CCD81E4687A400624588 /* 2.png */; };
		2034CCEC1E4687A400624588 /* 3.png in Resources */ = {isa = PBXBuildFile; fileRef = 2034CCD91E4687A400624588 /* 3.png */; };
		2034CCED1E4687A400624588 /* 4.png in Resources */ = {isa = PBXBuildFile; fileRef = 2034CCDA1E4687A400624588 /* 4.png */; };
		2034CCEE1E4687A400624588 /* 5.png in Resources */ = {isa = PBXBuildFile; fileRef = 2034CCDB1E4687A400624588 /* 5.png */; };
		2034CCEF1E4687A400624588 /* 6.png in Resources */ = {isa = PBXBuildFile; fileRef = 2034CCDC1E4687A400624588 /* 6.png */; };
		2034CCF01E4687A400624588 /* 7.png in Resources */ = {isa = PBXBuildFile; fileRef = 2034CCDD1E4687A400624588 /* 7.png */; };
		2034CCF11E4687A400624588 /* 8.png in Resources */ = {isa = PBXBuildFile; fileRef = 2034CCDE1E4687A400624588 /* 8.png */; };
		2034CCF21E4687A400624588 /* 9.png in Resources */ = {isa = PBXBuildFile; fileRef = 2034CCDF1E4687A400624588 /* 9.png */; };
		2034CCF31E4687A400624588 /* add.png in Resources */ = {isa = PBXBuildFile; fileRef = 2034CCE01E4687A400624588 /* add.png */; };
		2034CCF41E4687A400624588 /* backpanel.png in Resources */ = {isa = PBXBuildFile; fileRef = 2034CCE11E4687A400624588 /* backpanel.png */; };
		2034CCF51E4687A400624588 /* counter.png in Resources */ = {isa = PBXBuildFile; fileRef = 2034CCE21E4687A400624588 /* counter.png */; };
		2034CCF61E4687A400624588 /* divide.png in Resources */ = {isa = PBXBuildFile; fileRef = 2034CCE31E4687A400624588 /* divide.png */; };
		2034CCF71E4687A400624588 /* equal.png in Resources */ = {isa = PBXBuildFile; fileRef = 2034CCE41E4687A400624588 /* equal.png */; };
		2034CCF81E4687A400624588 /* ground.png in Resources */ = {isa = PBXBuildFile; fileRef = 2034CCE51E4687A400624588 /* ground.png */; };
		2034CCF91E4687A500624588 /* multiply.png in Resources */ = {isa = PBXBuildFile; fileRef = 2034CCE61E4687A400624588 /* multiply.png */; };
		2034CCFA1E4687A500624588 /* space-bg.png in Resources */ = {isa = PBXBuildFile; fileRef = 2034CCE71E4687A400624588 /* space-bg.png */; };
		2034CCFB1E4687A500624588 /* subtract.png in Resources */ = {isa = PBXBuildFile; fileRef = 2034CCE81E4687A400624588 /* subtract.png */; };
		20393C5C1E47CD6B009C1B75 /* Minecraft.ttf in Resources */ = {isa = PBXBuildFile; fileRef = 20393C5B1E47CD6B009C1B75 /* Minecraft.ttf */; };
		20393C5E1E47DF0C009C1B75 /* btn.wav in Resources */ = {isa = PBXBuildFile; fileRef = 20393C5D1E47DF0C009C1B75 /* btn.wav */; };
/* End PBXBuildFile section */

/* Begin PBXContainerItemProxy section */
		2034CCBA1E46870900624588 /* PBXContainerItemProxy */ = {
			isa = PBXContainerItemProxy;
			containerPortal = 2034CC9D1E46870900624588 /* Project object */;
			proxyType = 1;
			remoteGlobalIDString = 2034CCA41E46870900624588;
			remoteInfo = RetroCalculator;
		};
		2034CCC51E46870900624588 /* PBXContainerItemProxy */ = {
			isa = PBXContainerItemProxy;
			containerPortal = 2034CC9D1E46870900624588 /* Project object */;
			proxyType = 1;
			remoteGlobalIDString = 2034CCA41E46870900624588;
			remoteInfo = RetroCalculator;
		};
/* End PBXContainerItemProxy section */

/* Begin PBXFileReference section */
		2034CCA51E46870900624588 /* RetroCalculator.app */ = {isa = PBXFileReference; explicitFileType = wrapper.application; includeInIndex = 0; path = RetroCalculator.app; sourceTree = BUILT_PRODUCTS_DIR; };
		2034CCA81E46870900624588 /* AppDelegate.swift */ = {isa = PBXFileReference; lastKnownFileType = sourcecode.swift; path = AppDelegate.swift; sourceTree = "<group>"; };
		2034CCAA1E46870900624588 /* ViewController.swift */ = {isa = PBXFileReference; lastKnownFileType = sourcecode.swift; path = ViewController.swift; sourceTree = "<group>"; };
		2034CCAD1E46870900624588 /* Base */ = {isa = PBXFileReference; lastKnownFileType = file.storyboard; name = Base; path = Base.lproj/Main.storyboard; sourceTree = "<group>"; };
		2034CCAF1E46870900624588 /* Assets.xcassets */ = {isa = PBXFileReference; lastKnownFileType = folder.assetcatalog; path = Assets.xcassets; sourceTree = "<group>"; };
		2034CCB21E46870900624588 /* Base */ = {isa = PBXFileReference; lastKnownFileType = file.storyboard; name = Base; path = Base.lproj/LaunchScreen.storyboard; sourceTree = "<group>"; };
		2034CCB41E46870900624588 /* Info.plist */ = {isa = PBXFileReference; lastKnownFileType = text.plist.xml; path = Info.plist; sourceTree = "<group>"; };
		2034CCB91E46870900624588 /* RetroCalculatorTests.xctest */ = {isa = PBXFileReference; explicitFileType = wrapper.cfbundle; includeInIndex = 0; path = RetroCalculatorTests.xctest; sourceTree = BUILT_PRODUCTS_DIR; };
		2034CCBD1E46870900624588 /* RetroCalculatorTests.swift */ = {isa = PBXFileReference; lastKnownFileType = sourcecode.swift; path = RetroCalculatorTests.swift; sourceTree = "<group>"; };
		2034CCBF1E46870900624588 /* Info.plist */ = {isa = PBXFileReference; lastKnownFileType = text.plist.xml; path = Info.plist; sourceTree = "<group>"; };
		2034CCC41E46870900624588 /* RetroCalculatorUITests.xctest */ = {isa = PBXFileReference; explicitFileType = wrapper.cfbundle; includeInIndex = 0; path = RetroCalculatorUITests.xctest; sourceTree = BUILT_PRODUCTS_DIR; };
		2034CCC81E46870900624588 /* RetroCalculatorUITests.swift */ = {isa = PBXFileReference; lastKnownFileType = sourcecode.swift; path = RetroCalculatorUITests.swift; sourceTree = "<group>"; };
		2034CCCA1E46870900624588 /* Info.plist */ = {isa = PBXFileReference; lastKnownFileType = text.plist.xml; path = Info.plist; sourceTree = "<group>"; };
		2034CCD61E4687A400624588 /* 0.png */ = {isa = PBXFileReference; lastKnownFileType = image.png; path = 0.png; sourceTree = "<group>"; };
		2034CCD71E4687A400624588 /* 1.png */ = {isa = PBXFileReference; lastKnownFileType = image.png; path = 1.png; sourceTree = "<group>"; };
		2034CCD81E4687A400624588 /* 2.png */ = {isa = PBXFileReference; lastKnownFileType = image.png; path = 2.png; sourceTree = "<group>"; };
		2034CCD91E4687A400624588 /* 3.png */ = {isa = PBXFileReference; lastKnownFileType = image.png; path = 3.png; sourceTree = "<group>"; };
		2034CCDA1E4687A400624588 /* 4.png */ = {isa = PBXFileReference; lastKnownFileType = image.png; path = 4.png; sourceTree = "<group>"; };
		2034CCDB1E4687A400624588 /* 5.png */ = {isa = PBXFileReference; lastKnownFileType = image.png; path = 5.png; sourceTree = "<group>"; };
		2034CCDC1E4687A400624588 /* 6.png */ = {isa = PBXFileReference; lastKnownFileType = image.png; path = 6.png; sourceTree = "<group>"; };
		2034CCDD1E4687A400624588 /* 7.png */ = {isa = PBXFileReference; lastKnownFileType = image.png; path = 7.png; sourceTree = "<group>"; };
		2034CCDE1E4687A400624588 /* 8.png */ = {isa = PBXFileReference; lastKnownFileType = image.png; path = 8.png; sourceTree = "<group>"; };
		2034CCDF1E4687A400624588 /* 9.png */ = {isa = PBXFileReference; lastKnownFileType = image.png; path = 9.png; sourceTree = "<group>"; };
		2034CCE01E4687A400624588 /* add.png */ = {isa = PBXFileReference; lastKnownFileType = image.png; path = add.png; sourceTree = "<group>"; };
		2034CCE11E4687A400624588 /* backpanel.png */ = {isa = PBXFileReference; lastKnownFileType = image.png; path = backpanel.png; sourceTree = "<group>"; };
		2034CCE21E4687A400624588 /* counter.png */ = {isa = PBXFileReference; lastKnownFileType = image.png; path = counter.png; sourceTree = "<group>"; };
		2034CCE31E4687A400624588 /* divide.png */ = {isa = PBXFileReference; lastKnownFileType = image.png; path = divide.png; sourceTree = "<group>"; };
		2034CCE41E4687A400624588 /* equal.png */ = {isa = PBXFileReference; lastKnownFileType = image.png; path = equal.png; sourceTree = "<group>"; };
		2034CCE51E4687A400624588 /* ground.png */ = {isa = PBXFileReference; lastKnownFileType = image.png; path = ground.png; sourceTree = "<group>"; };
		2034CCE61E4687A400624588 /* multiply.png */ = {isa = PBXFileReference; lastKnownFileType = image.png; path = multiply.png; sourceTree = "<group>"; };
		2034CCE71E4687A400624588 /* space-bg.png */ = {isa = PBXFileReference; lastKnownFileType = image.png; path = "space-bg.png"; sourceTree = "<group>"; };
		2034CCE81E4687A400624588 /* subtract.png */ = {isa = PBXFileReference; lastKnownFileType = image.png; path = subtract.png; sourceTree = "<group>"; };
		20393C5B1E47CD6B009C1B75 /* Minecraft.ttf */ = {isa = PBXFileReference; lastKnownFileType = file; path = Minecraft.ttf; sourceTree = "<group>"; };
		20393C5D1E47DF0C009C1B75 /* btn.wav */ = {isa = PBXFileReference; lastKnownFileType = audio.wav; path = btn.wav; sourceTree = "<group>"; };
/* End PBXFileReference section */

/* Begin PBXFrameworksBuildPhase section */
		2034CCA21E46870900624588 /* Frameworks */ = {
			isa = PBXFrameworksBuildPhase;
			buildActionMask = 2147483647;
			files = (
			);
			runOnlyForDeploymentPostprocessing = 0;
		};
		2034CCB61E46870900624588 /* Frameworks */ = {
			isa = PBXFrameworksBuildPhase;
			buildActionMask = 2147483647;
			files = (
			);
			runOnlyForDeploymentPostprocessing = 0;
		};
		2034CCC11E46870900624588 /* Frameworks */ = {
			isa = PBXFrameworksBuildPhase;
			buildActionMask = 2147483647;
			files = (
			);
			runOnlyForDeploymentPostprocessing = 0;
		};
/* End PBXFrameworksBuildPhase section */

/* Begin PBXGroup section */
		2034CC9C1E46870900624588 = {
			isa = PBXGroup;
			children = (
				2034CCA71E46870900624588 /* RetroCalculator */,
				2034CCBC1E46870900624588 /* RetroCalculatorTests */,
				2034CCC71E46870900624588 /* RetroCalculatorUITests */,
				2034CCA61E46870900624588 /* Products */,
			);
			sourceTree = "<group>";
		};
		2034CCA61E46870900624588 /* Products */ = {
			isa = PBXGroup;
			children = (
				2034CCA51E46870900624588 /* RetroCalculator.app */,
				2034CCB91E46870900624588 /* RetroCalculatorTests.xctest */,
				2034CCC41E46870900624588 /* RetroCalculatorUITests.xctest */,
			);
			name = Products;
			sourceTree = "<group>";
		};
		2034CCA71E46870900624588 /* RetroCalculator */ = {
			isa = PBXGroup;
			children = (
				20393C5B1E47CD6B009C1B75 /* Minecraft.ttf */,
				20393C5D1E47DF0C009C1B75 /* btn.wav */,
				2034CCA81E46870900624588 /* AppDelegate.swift */,
				2034CCAA1E46870900624588 /* ViewController.swift */,
				2034CCAC1E46870900624588 /* Main.storyboard */,
				2034CCAF1E46870900624588 /* Assets.xcassets */,
				2034CCD61E4687A400624588 /* 0.png */,
				2034CCD71E4687A400624588 /* 1.png */,
				2034CCD81E4687A400624588 /* 2.png */,
				2034CCD91E4687A400624588 /* 3.png */,
				2034CCDA1E4687A400624588 /* 4.png */,
				2034CCDB1E4687A400624588 /* 5.png */,
				2034CCDC1E4687A400624588 /* 6.png */,
				2034CCDD1E4687A400624588 /* 7.png */,
				2034CCDE1E4687A400624588 /* 8.png */,
				2034CCDF1E4687A400624588 /* 9.png */,
				2034CCE01E4687A400624588 /* add.png */,
				2034CCE11E4687A400624588 /* backpanel.png */,
				2034CCE21E4687A400624588 /* counter.png */,
				2034CCE31E4687A400624588 /* divide.png */,
				2034CCE41E4687A400624588 /* equal.png */,
				2034CCE51E4687A400624588 /* ground.png */,
				2034CCE61E4687A400624588 /* multiply.png */,
				2034CCE71E4687A400624588 /* space-bg.png */,
				2034CCE81E4687A400624588 /* subtract.png */,
				2034CCB11E46870900624588 /* LaunchScreen.storyboard */,
				2034CCB41E46870900624588 /* Info.plist */,
			);
			path = RetroCalculator;
			sourceTree = "<group>";
		};
		2034CCBC1E46870900624588 /* RetroCalculatorTests */ = {
			isa = PBXGroup;
			children = (
				2034CCBD1E46870900624588 /* RetroCalculatorTests.swift */,
				2034CCBF1E46870900624588 /* Info.plist */,
			);
			path = RetroCalculatorTests;
			sourceTree = "<group>";
		};
		2034CCC71E46870900624588 /* RetroCalculatorUITests */ = {
			isa = PBXGroup;
			children = (
				2034CCC81E46870900624588 /* RetroCalculatorUITests.swift */,
				2034CCCA1E46870900624588 /* Info.plist */,
			);
			path = RetroCalculatorUITests;
			sourceTree = "<group>";
		};
/* End PBXGroup section */

/* Begin PBXNativeTarget section */
		2034CCA41E46870900624588 /* RetroCalculator */ = {
			isa = PBXNativeTarget;
			buildConfigurationList = 2034CCCD1E46870900624588 /* Build configuration list for PBXNativeTarget "RetroCalculator" */;
			buildPhases = (
				2034CCA11E46870900624588 /* Sources */,
				2034CCA21E46870900624588 /* Frameworks */,
				2034CCA31E46870900624588 /* Resources */,
			);
			buildRules = (
			);
			dependencies = (
			);
			name = RetroCalculator;
			productName = RetroCalculator;
			productReference = 2034CCA51E46870900624588 /* RetroCalculator.app */;
			productType = "com.apple.product-type.application";
		};
		2034CCB81E46870900624588 /* RetroCalculatorTests */ = {
			isa = PBXNativeTarget;
			buildConfigurationList = 2034CCD01E46870900624588 /* Build configuration list for PBXNativeTarget "RetroCalculatorTests" */;
			buildPhases = (
				2034CCB51E46870900624588 /* Sources */,
				2034CCB61E46870900624588 /* Frameworks */,
				2034CCB71E46870900624588 /* Resources */,
			);
			buildRules = (
			);
			dependencies = (
				2034CCBB1E46870900624588 /* PBXTargetDependency */,
			);
			name = RetroCalculatorTests;
			productName = RetroCalculatorTests;
			productReference = 2034CCB91E46870900624588 /* RetroCalculatorTests.xctest */;
			productType = "com.apple.product-type.bundle.unit-test";
		};
		2034CCC31E46870900624588 /* RetroCalculatorUITests */ = {
			isa = PBXNativeTarget;
			buildConfigurationList = 2034CCD31E46870900624588 /* Build configuration list for PBXNativeTarget "RetroCalculatorUITests" */;
			buildPhases = (
				2034CCC01E46870900624588 /* Sources */,
				2034CCC11E46870900624588 /* Frameworks */,
				2034CCC21E46870900624588 /* Resources */,
			);
			buildRules = (
			);
			dependencies = (
				2034CCC61E46870900624588 /* PBXTargetDependency */,
			);
			name = RetroCalculatorUITests;
			productName = RetroCalculatorUITests;
			productReference = 2034CCC41E46870900624588 /* RetroCalculatorUITests.xctest */;
			productType = "com.apple.product-type.bundle.ui-testing";
		};
/* End PBXNativeTarget section */

/* Begin PBXProject section */
		2034CC9D1E46870900624588 /* Project object */ = {
			isa = PBXProject;
			attributes = {
				LastSwiftUpdateCheck = 0820;
				LastUpgradeCheck = 0820;
				ORGANIZATIONNAME = PDonlan;
				TargetAttributes = {
					2034CCA41E46870900624588 = {
						CreatedOnToolsVersion = 8.2.1;
						DevelopmentTeam = 7CAN5739RS;
						ProvisioningStyle = Automatic;
					};
					2034CCB81E46870900624588 = {
						CreatedOnToolsVersion = 8.2.1;
						DevelopmentTeam = 7CAN5739RS;
						ProvisioningStyle = Automatic;
						TestTargetID = 2034CCA41E46870900624588;
					};
					2034CCC31E46870900624588 = {
						CreatedOnToolsVersion = 8.2.1;
						DevelopmentTeam = 7CAN5739RS;
						ProvisioningStyle = Automatic;
						TestTargetID = 2034CCA41E46870900624588;
					};
				};
			};
			buildConfigurationList = 2034CCA01E46870900624588 /* Build configuration list for PBXProject "RetroCalculator" */;
			compatibilityVersion = "Xcode 3.2";
			developmentRegion = English;
			hasScannedForEncodings = 0;
			knownRegions = (
				en,
				Base,
			);
			mainGroup = 2034CC9C1E46870900624588;
			productRefGroup = 2034CCA61E46870900624588 /* Products */;
			projectDirPath = "";
			projectRoot = "";
			targets = (
				2034CCA41E46870900624588 /* RetroCalculator */,
				2034CCB81E46870900624588 /* RetroCalculatorTests */,
				2034CCC31E46870900624588 /* RetroCalculatorUITests */,
			);
		};
/* End PBXProject section */

/* Begin PBXResourcesBuildPhase section */
		2034CCA31E46870900624588 /* Resources */ = {
			isa = PBXResourcesBuildPhase;
			buildActionMask = 2147483647;
			files = (
				2034CCFA1E4687A500624588 /* space-bg.png in Resources */,
				2034CCF11E4687A400624588 /* 8.png in Resources */,
				20393C5C1E47CD6B009C1B75 /* Minecraft.ttf in Resources */,
				2034CCF01E4687A400624588 /* 7.png in Resources */,
				2034CCF61E4687A400624588 /* divide.png in Resources */,
				2034CCEB1E4687A400624588 /* 2.png in Resources */,
				2034CCE91E4687A400624588 /* 0.png in Resources */,
				2034CCF21E4687A400624588 /* 9.png in Resources */,
				2034CCB31E46870900624588 /* LaunchScreen.storyboard in Resources */,
				2034CCF91E4687A500624588 /* multiply.png in Resources */,
				2034CCFB1E4687A500624588 /* subtract.png in Resources */,
				2034CCB01E46870900624588 /* Assets.xcassets in Resources */,
				2034CCF31E4687A400624588 /* add.png in Resources */,
				2034CCEF1E4687A400624588 /* 6.png in Resources */,
				2034CCF81E4687A400624588 /* ground.png in Resources */,
				20393C5E1E47DF0C009C1B75 /* btn.wav in Resources */,
				2034CCF41E4687A400624588 /* backpanel.png in Resources */,
				2034CCED1E4687A400624588 /* 4.png in Resources */,
				2034CCAE1E46870900624588 /* Main.storyboard in Resources */,
				2034CCEE1E4687A400624588 /* 5.png in Resources */,
				2034CCF71E4687A400624588 /* equal.png in Resources */,
				2034CCEC1E4687A400624588 /* 3.png in Resources */,
				2034CCF51E4687A400624588 /* counter.png in Resources */,
				2034CCEA1E4687A400624588 /* 1.png in Resources */,
			);
			runOnlyForDeploymentPostprocessing = 0;
		};
		2034CCB71E46870900624588 /* Resources */ = {
			isa = PBXResourcesBuildPhase;
			buildActionMask = 2147483647;
			files = (
			);
			runOnlyForDeploymentPostprocessing = 0;
		};
		2034CCC21E46870900624588 /* Resources */ = {
			isa = PBXResourcesBuildPhase;
			buildActionMask = 2147483647;
			files = (
			);
			runOnlyForDeploymentPostprocessing = 0;
		};
/* End PBXResourcesBuildPhase section */

/* Begin PBXSourcesBuildPhase section */
		2034CCA11E46870900624588 /* Sources */ = {
			isa = PBXSourcesBuildPhase;
			buildActionMask = 2147483647;
			files = (
				2034CCAB1E46870900624588 /* ViewController.swift in Sources */,
				2034CCA91E46870900624588 /* AppDelegate.swift in Sources */,
			);
			runOnlyForDeploymentPostprocessing = 0;
		};
		2034CCB51E46870900624588 /* Sources */ = {
			isa = PBXSourcesBuildPhase;
			buildActionMask = 2147483647;
			files = (
				2034CCBE1E46870900624588 /* RetroCalculatorTests.swift in Sources */,
			);
			runOnlyForDeploymentPostprocessing = 0;
		};
		2034CCC01E46870900624588 /* Sources */ = {
			isa = PBXSourcesBuildPhase;
			buildActionMask = 2147483647;
			files = (
				2034CCC91E46870900624588 /* RetroCalculatorUITests.swift in Sources */,
			);
			runOnlyForDeploymentPostprocessing = 0;
		};
/* End PBXSourcesBuildPhase section */

/* Begin PBXTargetDependency section */
		2034CCBB1E46870900624588 /* PBXTargetDependency */ = {
			isa = PBXTargetDependency;
			target = 2034CCA41E46870900624588 /* RetroCalculator */;
			targetProxy = 2034CCBA1E46870900624588 /* PBXContainerItemProxy */;
		};
		2034CCC61E46870900624588 /* PBXTargetDependency */ = {
			isa = PBXTargetDependency;
			target = 2034CCA41E46870900624588 /* RetroCalculator */;
			targetProxy = 2034CCC51E46870900624588 /* PBXContainerItemProxy */;
		};
/* End PBXTargetDependency section */

/* Begin PBXVariantGroup section */
		2034CCAC1E46870900624588 /* Main.storyboard */ = {
			isa = PBXVariantGroup;
			children = (
				2034CCAD1E46870900624588 /* Base */,
			);
			name = Main.storyboard;
			sourceTree = "<group>";
		};
		2034CCB11E46870900624588 /* LaunchScreen.storyboard */ = {
			isa = PBXVariantGroup;
			children = (
				2034CCB21E46870900624588 /* Base */,
			);
			name = LaunchScreen.storyboard;
			sourceTree = "<group>";
		};
/* End PBXVariantGroup section */

/* Begin XCBuildConfiguration section */
		2034CCCB1E46870900624588 /* Debug */ = {
			isa = XCBuildConfiguration;
			buildSettings = {
				ALWAYS_SEARCH_USER_PATHS = NO;
				CLANG_ANALYZER_NONNULL = YES;
				CLANG_CXX_LANGUAGE_STANDARD = "gnu++0x";
				CLANG_CXX_LIBRARY = "libc++";
				CLANG_ENABLE_MODULES = YES;
				CLANG_ENABLE_OBJC_ARC = YES;
				CLANG_WARN_BOOL_CONVERSION = YES;
				CLANG_WARN_CONSTANT_CONVERSION = YES;
				CLANG_WARN_DIRECT_OBJC_ISA_USAGE = YES_ERROR;
				CLANG_WARN_DOCUMENTATION_COMMENTS = YES;
				CLANG_WARN_EMPTY_BODY = YES;
				CLANG_WARN_ENUM_CONVERSION = YES;
				CLANG_WARN_INFINITE_RECURSION = YES;
				CLANG_WARN_INT_CONVERSION = YES;
				CLANG_WARN_OBJC_ROOT_CLASS = YES_ERROR;
				CLANG_WARN_SUSPICIOUS_MOVE = YES;
				CLANG_WARN_UNREACHABLE_CODE = YES;
				CLANG_WARN__DUPLICATE_METHOD_MATCH = YES;
				"CODE_SIGN_IDENTITY[sdk=iphoneos*]" = "iPhone Developer";
				COPY_PHASE_STRIP = NO;
				DEBUG_INFORMATION_FORMAT = dwarf;
				ENABLE_STRICT_OBJC_MSGSEND = YES;
				ENABLE_TESTABILITY = YES;
				GCC_C_LANGUAGE_STANDARD = gnu99;
				GCC_DYNAMIC_NO_PIC = NO;
				GCC_NO_COMMON_BLOCKS = YES;
				GCC_OPTIMIZATION_LEVEL = 0;
				GCC_PREPROCESSOR_DEFINITIONS = (
					"DEBUG=1",
					"$(inherited)",
				);
				GCC_WARN_64_TO_32_BIT_CONVERSION = YES;
				GCC_WARN_ABOUT_RETURN_TYPE = YES_ERROR;
				GCC_WARN_UNDECLARED_SELECTOR = YES;
				GCC_WARN_UNINITIALIZED_AUTOS = YES_AGGRESSIVE;
				GCC_WARN_UNUSED_FUNCTION = YES;
				GCC_WARN_UNUSED_VARIABLE = YES;
				IPHONEOS_DEPLOYMENT_TARGET = 10.2;
				MTL_ENABLE_DEBUG_INFO = YES;
				ONLY_ACTIVE_ARCH = YES;
				SDKROOT = iphoneos;
				SWIFT_ACTIVE_COMPILATION_CONDITIONS = DEBUG;
				SWIFT_OPTIMIZATION_LEVEL = "-Onone";
				TARGETED_DEVICE_FAMILY = "1,2";
			};
			name = Debug;
		};
		2034CCCC1E46870900624588 /* Release */ = {
			isa = XCBuildConfiguration;
			buildSettings = {
				ALWAYS_SEARCH_USER_PATHS = NO;
				CLANG_ANALYZER_NONNULL = YES;
				CLANG_CXX_LANGUAGE_STANDARD = "gnu++0x";
				CLANG_CXX_LIBRARY = "libc++";
				CLANG_ENABLE_MODULES = YES;
				CLANG_ENABLE_OBJC_ARC = YES;
				CLANG_WARN_BOOL_CONVERSION = YES;
				CLANG_WARN_CONSTANT_CONVERSION = YES;
				CLANG_WARN_DIRECT_OBJC_ISA_USAGE = YES_ERROR;
				CLANG_WARN_DOCUMENTATION_COMMENTS = YES;
				CLANG_WARN_EMPTY_BODY = YES;
				CLANG_WARN_ENUM_CONVERSION = YES;
				CLANG_WARN_INFINITE_RECURSION = YES;
				CLANG_WARN_INT_CONVERSION = YES;
				CLANG_WARN_OBJC_ROOT_CLASS = YES_ERROR;
				CLANG_WARN_SUSPICIOUS_MOVE = YES;
				CLANG_WARN_UNREACHABLE_CODE = YES;
				CLANG_WARN__DUPLICATE_METHOD_MATCH = YES;
				"CODE_SIGN_IDENTITY[sdk=iphoneos*]" = "iPhone Developer";
				COPY_PHASE_STRIP = NO;
				DEBUG_INFORMATION_FORMAT = "dwarf-with-dsym";
				ENABLE_NS_ASSERTIONS = NO;
				ENABLE_STRICT_OBJC_MSGSEND = YES;
				GCC_C_LANGUAGE_STANDARD = gnu99;
				GCC_NO_COMMON_BLOCKS = YES;
				GCC_WARN_64_TO_32_BIT_CONVERSION = YES;
				GCC_WARN_ABOUT_RETURN_TYPE = YES_ERROR;
				GCC_WARN_UNDECLARED_SELECTOR = YES;
				GCC_WARN_UNINITIALIZED_AUTOS = YES_AGGRESSIVE;
				GCC_WARN_UNUSED_FUNCTION = YES;
				GCC_WARN_UNUSED_VARIABLE = YES;
				IPHONEOS_DEPLOYMENT_TARGET = 10.2;
				MTL_ENABLE_DEBUG_INFO = NO;
				SDKROOT = iphoneos;
				SWIFT_OPTIMIZATION_LEVEL = "-Owholemodule";
				TARGETED_DEVICE_FAMILY = "1,2";
				VALIDATE_PRODUCT = YES;
			};
			name = Release;
		};
		2034CCCE1E46870900624588 /* Debug */ = {
			isa = XCBuildConfiguration;
			buildSettings = {
				ASSETCATALOG_COMPILER_APPICON_NAME = AppIcon;
				DEVELOPMENT_TEAM = 7CAN5739RS;
				INFOPLIST_FILE = RetroCalculator/Info.plist;
				LD_RUNPATH_SEARCH_PATHS = "$(inherited) @executable_path/Frameworks";
				PRODUCT_BUNDLE_IDENTIFIER = squish321.RetroCalculator;
				PRODUCT_NAME = "$(TARGET_NAME)";
				SWIFT_VERSION = 3.0;
			};
			name = Debug;
		};
		2034CCCF1E46870900624588 /* Release */ = {
			isa = XCBuildConfiguration;
			buildSettings = {
				ASSETCATALOG_COMPILER_APPICON_NAME = AppIcon;
				DEVELOPMENT_TEAM = 7CAN5739RS;
				INFOPLIST_FILE = RetroCalculator/Info.plist;
				LD_RUNPATH_SEARCH_PATHS = "$(inherited) @executable_path/Frameworks";
				PRODUCT_BUNDLE_IDENTIFIER = squish321.RetroCalculator;
				PRODUCT_NAME = "$(TARGET_NAME)";
				SWIFT_VERSION = 3.0;
			};
			name = Release;
		};
		2034CCD11E46870900624588 /* Debug */ = {
			isa = XCBuildConfiguration;
			buildSettings = {
				ALWAYS_EMBED_SWIFT_STANDARD_LIBRARIES = YES;
				BUNDLE_LOADER = "$(TEST_HOST)";
				DEVELOPMENT_TEAM = 7CAN5739RS;
				INFOPLIST_FILE = RetroCalculatorTests/Info.plist;
				LD_RUNPATH_SEARCH_PATHS = "$(inherited) @executable_path/Frameworks @loader_path/Frameworks";
				PRODUCT_BUNDLE_IDENTIFIER = squish321.RetroCalculatorTests;
				PRODUCT_NAME = "$(TARGET_NAME)";
				SWIFT_VERSION = 3.0;
				TEST_HOST = "$(BUILT_PRODUCTS_DIR)/RetroCalculator.app/RetroCalculator";
			};
			name = Debug;
		};
		2034CCD21E46870900624588 /* Release */ = {
			isa = XCBuildConfiguration;
			buildSettings = {
				ALWAYS_EMBED_SWIFT_STANDARD_LIBRARIES = YES;
				BUNDLE_LOADER = "$(TEST_HOST)";
				DEVELOPMENT_TEAM = 7CAN5739RS;
				INFOPLIST_FILE = RetroCalculatorTests/Info.plist;
				LD_RUNPATH_SEARCH_PATHS = "$(inherited) @executable_path/Frameworks @loader_path/Frameworks";
				PRODUCT_BUNDLE_IDENTIFIER = squish321.RetroCalculatorTests;
				PRODUCT_NAME = "$(TARGET_NAME)";
				SWIFT_VERSION = 3.0;
				TEST_HOST = "$(BUILT_PRODUCTS_DIR)/RetroCalculator.app/RetroCalculator";
			};
			name = Release;
		};
		2034CCD41E46870900624588 /* Debug */ = {
			isa = XCBuildConfiguration;
			buildSettings = {
				ALWAYS_EMBED_SWIFT_STANDARD_LIBRARIES = YES;
				DEVELOPMENT_TEAM = 7CAN5739RS;
				INFOPLIST_FILE = RetroCalculatorUITests/Info.plist;
				LD_RUNPATH_SEARCH_PATHS = "$(inherited) @executable_path/Frameworks @loader_path/Frameworks";
				PRODUCT_BUNDLE_IDENTIFIER = squish321.RetroCalculatorUITests;
				PRODUCT_NAME = "$(TARGET_NAME)";
				SWIFT_VERSION = 3.0;
				TEST_TARGET_NAME = RetroCalculator;
			};
			name = Debug;
		};
		2034CCD51E46870900624588 /* Release */ = {
			isa = XCBuildConfiguration;
			buildSettings = {
				ALWAYS_EMBED_SWIFT_STANDARD_LIBRARIES = YES;
				DEVELOPMENT_TEAM = 7CAN5739RS;
				INFOPLIST_FILE = RetroCalculatorUITests/Info.plist;
				LD_RUNPATH_SEARCH_PATHS = "$(inherited) @executable_path/Frameworks @loader_path/Frameworks";
				PRODUCT_BUNDLE_IDENTIFIER = squish321.RetroCalculatorUITests;
				PRODUCT_NAME = "$(TARGET_NAME)";
				SWIFT_VERSION = 3.0;
				TEST_TARGET_NAME = RetroCalculator;
			};
			name = Release;
		};
/* End XCBuildConfiguration section */

/* Begin XCConfigurationList section */
		2034CCA01E46870900624588 /* Build configuration list for PBXProject "RetroCalculator" */ = {
			isa = XCConfigurationList;
			buildConfigurations = (
				2034CCCB1E46870900624588 /* Debug */,
				2034CCCC1E46870900624588 /* Release */,
			);
			defaultConfigurationIsVisible = 0;
			defaultConfigurationName = Release;
		};
		2034CCCD1E46870900624588 /* Build configuration list for PBXNativeTarget "RetroCalculator" */ = {
			isa = XCConfigurationList;
			buildConfigurations = (
				2034CCCE1E46870900624588 /* Debug */,
				2034CCCF1E46870900624588 /* Release */,
			);
			defaultConfigurationIsVisible = 0;
			defaultConfigurationName = Release;
		};
		2034CCD01E46870900624588 /* Build configuration list for PBXNativeTarget "RetroCalculatorTests" */ = {
			isa = XCConfigurationList;
			buildConfigurations = (
				2034CCD11E46870900624588 /* Debug */,
				2034CCD21E46870900624588 /* Release */,
			);
			defaultConfigurationIsVisible = 0;
			defaultConfigurationName = Release;
		};
		2034CCD31E46870900624588 /* Build configuration list for PBXNativeTarget "RetroCalculatorUITests" */ = {
			isa = XCConfigurationList;
			buildConfigurations = (
				2034CCD41E46870900624588 /* Debug */,
				2034CCD51E46870900624588 /* Release */,
			);
			defaultConfigurationIsVisible = 0;
			defaultConfigurationName = Release;
		};
/* End XCConfigurationList section */
	};
	rootObject = 2034CC9D1E46870900624588 /* Project object */;
}
